
Microsoft Visual Studio Solution File, Format Version 12.00
# Visual Studio Version 17
VisualStudioVersion = 17.12.35707.178
MinimumVisualStudioVersion = 10.0.40219.1
Project("{FAE04EC0-301F-11D3-BF4B-00C04F79EFBC}") = "EntitySpaces.ORM.Firebird", "EntitySpaces.ORM.Firebird\EntitySpaces.ORM.Firebird.NET.csproj", "{5F8697EB-FCD6-453D-AA4D-E1F9C661564F}"
EndProject
Global
	GlobalSection(SolutionConfigurationPlatforms) = preSolution
		Debug|Any CPU = Debug|Any CPU
		Release|Any CPU = Release|Any CPU
	EndGlobalSection
	GlobalSection(ProjectConfigurationPlatforms) = postSolution
		{5F8697EB-FCD6-453D-AA4D-E1F9C661564F}.Debug|Any CPU.ActiveCfg = Debug|Any CPU
		{5F8697EB-FCD6-453D-AA4D-E1F9C661564F}.Debug|Any CPU.Build.0 = Debug|Any CPU
		{5F8697EB-FCD6-453D-AA4D-E1F9C661564F}.Release|Any CPU.ActiveCfg = Release|Any CPU
		{5F8697EB-FCD6-453D-AA4D-E1F9C661564F}.Release|Any CPU.Build.0 = Release|Any CPU
	EndGlobalSection
	GlobalSection(SolutionProperties) = preSolution
		HideSolutionNode = FALSE
	EndGlobalSection
EndGlobal
